PODS:
  - Alamofire (4.8.0)
  - Kingfisher (4.10.1)
  - lottie-ios (2.5.2)
  - Spruce (2.0.0)

DEPENDENCIES:
  - Alamofire
  - Kingfisher
  - lottie-ios
  - Spruce

SPEC REPOS:
  https://github.com/cocoapods/specs.git:
    - Alamofire
    - Kingfisher
    - lottie-ios
    - Spruce

SPEC CHECKSUMS:
  Alamofire: 3ec537f71edc9804815215393ae2b1a8ea33a844
  Kingfisher: c148cd7b47ebde9989f6bc7c27dcaa79d81279a0
  lottie-ios: 3fef45d3fabe63e3c7c2eb603dd64ddfffc73062
  Spruce: 0932495938ccc0b75add674a99bc46c9d0e39111

PODFILE CHECKSUM: 009ec919b0fe2dc235e771ded5a40b3582321968

COCOAPODS: 1.5.3
